
Microsoft Visual Studio Solution File, Format Version 12.00
# Visual Studio Version 17
VisualStudioVersion = 17.3.32929.385
MinimumVisualStudioVersion = 10.0.40219.1
Project("{FAE04EC0-301F-11D3-BF4B-00C04F79EFBC}") = "Mechanitor Command Range Extenders", "Mechanitor Command Range Extenders.csproj", "{3EC4D25C-2933-4D05-84B6-C9B6C45552CE}"
EndProject
Global
	GlobalSection(SolutionConfigurationPlatforms) = preSolution
		Debug|Any CPU = Debug|Any CPU
		Release|Any CPU = Release|Any CPU
	EndGlobalSection
	GlobalSection(ProjectConfigurationPlatforms) = postSolution
		{3EC4D25C-2933-4D05-84B6-C9B6C45552CE}.Debug|Any CPU.ActiveCfg = Debug|Any CPU
		{3EC4D25C-2933-4D05-84B6-C9B6C45552CE}.Debug|Any CPU.Build.0 = Debug|Any CPU
		{3EC4D25C-2933-4D05-84B6-C9B6C45552CE}.Release|Any CPU.ActiveCfg = Release|Any CPU
		{3EC4D25C-2933-4D05-84B6-C9B6C45552CE}.Release|Any CPU.Build.0 = Release|Any CPU
	EndGlobalSection
	GlobalSection(SolutionProperties) = preSolution
		HideSolutionNode = FALSE
	EndGlobalSection
	GlobalSection(ExtensibilityGlobals) = postSolution
		SolutionGuid = {9E535844-41CF-4A68-ACF9-2C3BBA98C88C}
	EndGlobalSection
EndGlobal
